PackratFormat: 1.4
PackratVersion: 0.7.0.3
RVersion: 4.0.2
Repos: CRAN=https://cran.rstudio.com/

Package: R6
Source: CRAN
Version: 2.5.1
Hash: 54378e523d0281f8d38c379484a3b7b5

Package: Rcpp
Source: CRAN
Version: 1.0.8.3
Hash: 342731d762a1dbb4e8e94396a1f0a79f

Package: brio
Source: CRAN
Version: 1.1.3
Hash: 161bbc04576cd2712c0150d69f757afe

Package: callr
Source: CRAN
Version: 3.7.0
Hash: 548499537ed2865bf976762454bf550e
Requires: R6, processx

Package: cli
Source: CRAN
Version: 3.3.0
Hash: ea370f88dddadbefeecd6cc4adbc6495
Requires: glue

Package: crayon
Source: CRAN
Version: 1.5.1
Hash: e4ec1fd3175c5d12561f59885cfe5acb

Package: desc
Source: CRAN
Version: 1.4.1
Hash: 6ebcf66d42e2bd14b17eecd30b80881e
Requires: R6, cli, rprojroot

Package: diffobj
Source: CRAN
Version: 0.3.5
Hash: 578796bf3d5e5bcbc07e9886a1d6a4d2
Requires: crayon

Package: digest
Source: CRAN
Version: 0.6.29
Hash: 071cc93357d7c2a5812d5cf348ce3272

Package: ellipsis
Source: CRAN
Version: 0.3.2
Hash: b21bfc48556c0c6a93fc9ede6c00cfaf
Requires: rlang

Package: evaluate
Source: CRAN
Version: 0.15
Hash: 54a19ff5cec28312ebbdebad9d845315

Package: fansi
Source: CRAN
Version: 1.0.3
Hash: cfa9c28454eeca1e082fe045a8fe6440

Package: glue
Source: CRAN
Version: 1.6.2
Hash: 830d10f9f46e05aadfe458d2d31849e7

Package: jsonlite
Source: CRAN
Version: 1.8.0
Hash: 96d93923e6415b426b7ed4390aa02b8e

Package: lifecycle
Source: CRAN
Version: 1.0.1
Hash: 30efedcf3d4478fe2e755b3b256f809a
Requires: glue, rlang

Package: magrittr
Source: CRAN
Version: 2.0.3
Hash: b323532bfd2fe948d0eb19afa866cb12

Package: minqa
Source: CRAN
Version: 1.2.4
Hash: e0c76fa8a412e9873106cb1aaf9b2936
Requires: Rcpp

Package: packrat
Source: github
Version: 0.7.0-3
Hash: 5762a018b1cd545a2a9f6fb274ca5608
GithubRepo: packrat
GithubUsername: rstudio
GithubRef: HEAD
GithubSha1: e0bd2ec38ac393fdff96c3cf063b11bad6bf02af

Package: pillar
Source: CRAN
Version: 1.7.0
Hash: 3cbdcac6157b4b365571c42c172fb37e
Requires: cli, crayon, ellipsis, fansi, glue, lifecycle, rlang, utf8,
    vctrs

Package: pkgconfig
Source: CRAN
Version: 2.0.3
Hash: 5ff5f2361851a49534c96caa2a8071c7

Package: pkgload
Source: CRAN
Version: 1.2.4
Hash: 2f35c7234d7d1ccf402fa8a939771cf6
Requires: cli, crayon, desc, rlang, rprojroot, rstudioapi, withr

Package: praise
Source: CRAN
Version: 1.0.0
Hash: 77da8f1df873a4b91e5c4a68fe2fb1b6

Package: processx
Source: CRAN
Version: 3.5.3
Hash: 338cd4dbaaa90e48b3677260830cfd8a
Requires: R6, ps

Package: ps
Source: CRAN
Version: 1.7.0
Hash: e1bcc33477b1b7312000bfaa82609355

Package: rematch2
Source: CRAN
Version: 2.1.2
Hash: b6823f74d6525d39d153620d21e206df
Requires: tibble

Package: rlang
Source: CRAN
Version: 1.0.2
Hash: e425030db52673e5a5cc00f51fb24b13

Package: rprojroot
Source: CRAN
Version: 2.0.3
Hash: 8acc72d6d4f64fe01e2af6f7ee383e6e

Package: rstudioapi
Source: CRAN
Version: 0.13
Hash: dab1619920bed1f1660a3d48e4f7cc7f

Package: testthat
Source: CRAN
Version: 3.1.4
Hash: bfa62c0d2f0ea2b8344889c53dd4e3a4
Requires: R6, brio, callr, cli, crayon, desc, digest, ellipsis,
    evaluate, jsonlite, lifecycle, magrittr, pkgload, praise, processx,
    ps, rlang, withr, waldo

Package: tibble
Source: CRAN
Version: 3.1.7
Hash: 6c6a9d56f7328c0b17abb769484f76d1
Requires: ellipsis, fansi, lifecycle, magrittr, pillar, pkgconfig,
    rlang, vctrs

Package: utf8
Source: CRAN
Version: 1.2.2
Hash: ae77ea6ebb503eaa6ee3b7ca80ea4f1b

Package: vctrs
Source: CRAN
Version: 0.4.1
Hash: 3c180c5b05bf27b28b1bce7a0068ee8b
Requires: cli, glue, rlang

Package: waldo
Source: CRAN
Version: 0.4.0
Hash: 8b9bbe53901d332cd7464cdaaa45525b
Requires: cli, diffobj, fansi, glue, rematch2, rlang, tibble

Package: withr
Source: CRAN
Version: 2.5.0
Hash: 29582655324ddde71118021f0b1b93aa
